
Microsoft Visual Studio Solution File, Format Version 12.00
# Visual Studio 14
VisualStudioVersion = 14.0.25420.1
MinimumVisualStudioVersion = 10.0.40219.1
Project("{FAE04EC0-301F-11D3-BF4B-00C04F79EFBC}") = "View", "HW1\View.csproj", "{B34073CF-3A83-4676-BAE6-5681ADB435C1}"
EndProject
Project("{FAE04EC0-301F-11D3-BF4B-00C04F79EFBC}") = "Domain", "Domain\Domain.csproj", "{E0B40C0B-8657-4D32-BE8B-498BFC9FDB3A}"
EndProject
Global
	GlobalSection(SolutionConfigurationPlatforms) = preSolution
		Debug|Any CPU = Debug|Any CPU
		Release|Any CPU = Release|Any CPU
	EndGlobalSection
	GlobalSection(ProjectConfigurationPlatforms) = postSolution
		{B34073CF-3A83-4676-BAE6-5681ADB435C1}.Debug|Any CPU.ActiveCfg = Debug|Any CPU
		{B34073CF-3A83-4676-BAE6-5681ADB435C1}.Debug|Any CPU.Build.0 = Debug|Any CPU
		{B34073CF-3A83-4676-BAE6-5681ADB435C1}.Release|Any CPU.ActiveCfg = Release|Any CPU
		{B34073CF-3A83-4676-BAE6-5681ADB435C1}.Release|Any CPU.Build.0 = Release|Any CPU
		{E0B40C0B-8657-4D32-BE8B-498BFC9FDB3A}.Debug|Any CPU.ActiveCfg = Debug|Any CPU
		{E0B40C0B-8657-4D32-BE8B-498BFC9FDB3A}.Debug|Any CPU.Build.0 = Debug|Any CPU
		{E0B40C0B-8657-4D32-BE8B-498BFC9FDB3A}.Release|Any CPU.ActiveCfg = Release|Any CPU
		{E0B40C0B-8657-4D32-BE8B-498BFC9FDB3A}.Release|Any CPU.Build.0 = Release|Any CPU
	EndGlobalSection
	GlobalSection(SolutionProperties) = preSolution
		HideSolutionNode = FALSE
	EndGlobalSection
EndGlobal
